{
  "requires": true,
  "lockfileVersion": 1,
  "dependencies": {
    "encoding-japanese": {
      "version": "1.0.30",
      "resolved": "https://registry.npmjs.org/encoding-japanese/-/encoding-japanese-1.0.30.tgz",
      "integrity": "sha512-bd/DFLAoJetvv7ar/KIpE3CNO8wEuyrt9Xuw6nSMiZ+Vrz/Q21BPsMHvARL2Wz6IKHKXgb+DWZqtRg1vql9cBg=="
    },
    "jsqr": {
      "version": "1.3.1",
      "resolved": "https://registry.npmjs.org/jsqr/-/jsqr-1.3.1.tgz",
      "integrity": "sha512-zCTP6Qd/WwjrpuHFkJuXc5opRdKprUr7eI7+JCCtcetThJt45qptu82MWQ+eET+FtDrMo7+BYjo3iD0XIq1L9Q=="
    }
  }
}
